
Microsoft Visual Studio Solution File, Format Version 12.00
# Visual Studio 14
VisualStudioVersion = 14.0.24720.0
MinimumVisualStudioVersion = 10.0.40219.1
Project("{FAE04EC0-301F-11D3-BF4B-00C04F79EFBC}") = "ModelLibrary", "ModelLibrary\ModelLibrary.csproj", "{1C9E1916-A83F-457E-8492-1D20543DEFB9}"
EndProject
Project("{FAE04EC0-301F-11D3-BF4B-00C04F79EFBC}") = "ModelLibraryTest", "ModelLibraryTest\ModelLibraryTest.csproj", "{23A6BA22-74CD-47B2-BE56-F50317CC08AD}"
EndProject
Project("{FAE04EC0-301F-11D3-BF4B-00C04F79EFBC}") = "Tester", "Tester\Tester.csproj", "{72983826-C444-4043-B0E8-E26C8C220E2D}"
	ProjectSection(ProjectDependencies) = postProject
		{1C9E1916-A83F-457E-8492-1D20543DEFB9} = {1C9E1916-A83F-457E-8492-1D20543DEFB9}
	EndProjectSection
EndProject
Project("{FAE04EC0-301F-11D3-BF4B-00C04F79EFBC}") = "Numerical", "Numerical\Numerical.csproj", "{3B646C78-4172-4FB5-BC91-5FFC8080A826}"
EndProject
Project("{FAE04EC0-301F-11D3-BF4B-00C04F79EFBC}") = "Contract", "Contract\Contract.csproj", "{21333720-AD8D-410B-B0CB-A5D869A3EE99}"
EndProject
Project("{FAE04EC0-301F-11D3-BF4B-00C04F79EFBC}") = "Utility", "Utility\Utility.csproj", "{0F6E0983-2429-444B-BCAE-508C0B5583C2}"
EndProject
Project("{FAE04EC0-301F-11D3-BF4B-00C04F79EFBC}") = "UtilityTest", "UtilityTest\UtilityTest.csproj", "{9D87C1D2-FC0F-4A69-B501-9D303E7BFD2A}"
EndProject
Project("{FAE04EC0-301F-11D3-BF4B-00C04F79EFBC}") = "Market", "Market\Market.csproj", "{9D5F0AA8-A21A-4A78-B583-99459337F870}"
	ProjectSection(ProjectDependencies) = postProject
		{3F0077D6-2979-44D2-A0AF-5507DA819B26} = {3F0077D6-2979-44D2-A0AF-5507DA819B26}
	EndProjectSection
EndProject
Project("{8BC9CEB8-8B4A-11D0-8D11-00A0C91BC942}") = "YieldCurve", "YieldCurve\YieldCurve.vcxproj", "{410803B7-FE31-4E49-A583-E6AFC7798057}"
EndProject
Project("{8BC9CEB8-8B4A-11D0-8D11-00A0C91BC942}") = "YieldCurveTest", "YieldCurveTest\YieldCurveTest.vcxproj", "{9CACCA03-4782-4D7A-AC5C-AABFE48AD0D9}"
EndProject
Project("{FAE04EC0-301F-11D3-BF4B-00C04F79EFBC}") = "Adapter", "Adapter\Adapter.csproj", "{10DDCAF3-CA01-482B-A1A6-17882BCF35A7}"
	ProjectSection(ProjectDependencies) = postProject
		{410803B7-FE31-4E49-A583-E6AFC7798057} = {410803B7-FE31-4E49-A583-E6AFC7798057}
	EndProjectSection
EndProject
Project("{FAE04EC0-301F-11D3-BF4B-00C04F79EFBC}") = "YieldCurveCs", "YieldCurveCs\YieldCurveCs.csproj", "{FD8AF47A-9101-4D43-A30C-21C9312ABD22}"
EndProject
Project("{FAE04EC0-301F-11D3-BF4B-00C04F79EFBC}") = "YieldCurveCsTest", "YieldCurveCsTest\YieldCurveCsTest.csproj", "{6C85CF9E-2FBE-41C2-942B-6E75F21E8CEF}"
EndProject
Project("{FAE04EC0-301F-11D3-BF4B-00C04F79EFBC}") = "EnumConst", "EnumConst\EnumConst.csproj", "{3F0077D6-2979-44D2-A0AF-5507DA819B26}"
EndProject
Global
	GlobalSection(SolutionConfigurationPlatforms) = preSolution
		Debug|Any CPU = Debug|Any CPU
		Debug|x64 = Debug|x64
		Debug|x86 = Debug|x86
		Release|Any CPU = Release|Any CPU
		Release|x64 = Release|x64
		Release|x86 = Release|x86
	EndGlobalSection
	GlobalSection(ProjectConfigurationPlatforms) = postSolution
		{1C9E1916-A83F-457E-8492-1D20543DEFB9}.Debug|Any CPU.ActiveCfg = Debug|Any CPU
		{1C9E1916-A83F-457E-8492-1D20543DEFB9}.Debug|Any CPU.Build.0 = Debug|Any CPU
		{1C9E1916-A83F-457E-8492-1D20543DEFB9}.Debug|x64.ActiveCfg = Debug|Any CPU
		{1C9E1916-A83F-457E-8492-1D20543DEFB9}.Debug|x64.Build.0 = Debug|Any CPU
		{1C9E1916-A83F-457E-8492-1D20543DEFB9}.Debug|x86.ActiveCfg = Debug|Any CPU
		{1C9E1916-A83F-457E-8492-1D20543DEFB9}.Debug|x86.Build.0 = Debug|Any CPU
		{1C9E1916-A83F-457E-8492-1D20543DEFB9}.Release|Any CPU.ActiveCfg = Release|Any CPU
		{1C9E1916-A83F-457E-8492-1D20543DEFB9}.Release|Any CPU.Build.0 = Release|Any CPU
		{1C9E1916-A83F-457E-8492-1D20543DEFB9}.Release|x64.ActiveCfg = Release|Any CPU
		{1C9E1916-A83F-457E-8492-1D20543DEFB9}.Release|x64.Build.0 = Release|Any CPU
		{1C9E1916-A83F-457E-8492-1D20543DEFB9}.Release|x86.ActiveCfg = Release|Any CPU
		{1C9E1916-A83F-457E-8492-1D20543DEFB9}.Release|x86.Build.0 = Release|Any CPU
		{23A6BA22-74CD-47B2-BE56-F50317CC08AD}.Debug|Any CPU.ActiveCfg = Debug|Any CPU
		{23A6BA22-74CD-47B2-BE56-F50317CC08AD}.Debug|Any CPU.Build.0 = Debug|Any CPU
		{23A6BA22-74CD-47B2-BE56-F50317CC08AD}.Debug|x64.ActiveCfg = Debug|Any CPU
		{23A6BA22-74CD-47B2-BE56-F50317CC08AD}.Debug|x64.Build.0 = Debug|Any CPU
		{23A6BA22-74CD-47B2-BE56-F50317CC08AD}.Debug|x86.ActiveCfg = Debug|Any CPU
		{23A6BA22-74CD-47B2-BE56-F50317CC08AD}.Debug|x86.Build.0 = Debug|Any CPU
		{23A6BA22-74CD-47B2-BE56-F50317CC08AD}.Release|Any CPU.ActiveCfg = Release|Any CPU
		{23A6BA22-74CD-47B2-BE56-F50317CC08AD}.Release|Any CPU.Build.0 = Release|Any CPU
		{23A6BA22-74CD-47B2-BE56-F50317CC08AD}.Release|x64.ActiveCfg = Release|Any CPU
		{23A6BA22-74CD-47B2-BE56-F50317CC08AD}.Release|x64.Build.0 = Release|Any CPU
		{23A6BA22-74CD-47B2-BE56-F50317CC08AD}.Release|x86.ActiveCfg = Release|Any CPU
		{23A6BA22-74CD-47B2-BE56-F50317CC08AD}.Release|x86.Build.0 = Release|Any CPU
		{72983826-C444-4043-B0E8-E26C8C220E2D}.Debug|Any CPU.ActiveCfg = Debug|Any CPU
		{72983826-C444-4043-B0E8-E26C8C220E2D}.Debug|Any CPU.Build.0 = Debug|Any CPU
		{72983826-C444-4043-B0E8-E26C8C220E2D}.Debug|x64.ActiveCfg = Debug|Any CPU
		{72983826-C444-4043-B0E8-E26C8C220E2D}.Debug|x64.Build.0 = Debug|Any CPU
		{72983826-C444-4043-B0E8-E26C8C220E2D}.Debug|x86.ActiveCfg = Debug|Any CPU
		{72983826-C444-4043-B0E8-E26C8C220E2D}.Debug|x86.Build.0 = Debug|Any CPU
		{72983826-C444-4043-B0E8-E26C8C220E2D}.Release|Any CPU.ActiveCfg = Release|Any CPU
		{72983826-C444-4043-B0E8-E26C8C220E2D}.Release|Any CPU.Build.0 = Release|Any CPU
		{72983826-C444-4043-B0E8-E26C8C220E2D}.Release|x64.ActiveCfg = Release|Any CPU
		{72983826-C444-4043-B0E8-E26C8C220E2D}.Release|x64.Build.0 = Release|Any CPU
		{72983826-C444-4043-B0E8-E26C8C220E2D}.Release|x86.ActiveCfg = Release|Any CPU
		{72983826-C444-4043-B0E8-E26C8C220E2D}.Release|x86.Build.0 = Release|Any CPU
		{3B646C78-4172-4FB5-BC91-5FFC8080A826}.Debug|Any CPU.ActiveCfg = Debug|Any CPU
		{3B646C78-4172-4FB5-BC91-5FFC8080A826}.Debug|Any CPU.Build.0 = Debug|Any CPU
		{3B646C78-4172-4FB5-BC91-5FFC8080A826}.Debug|x64.ActiveCfg = Debug|Any CPU
		{3B646C78-4172-4FB5-BC91-5FFC8080A826}.Debug|x64.Build.0 = Debug|Any CPU
		{3B646C78-4172-4FB5-BC91-5FFC8080A826}.Debug|x86.ActiveCfg = Debug|Any CPU
		{3B646C78-4172-4FB5-BC91-5FFC8080A826}.Debug|x86.Build.0 = Debug|Any CPU
		{3B646C78-4172-4FB5-BC91-5FFC8080A826}.Release|Any CPU.ActiveCfg = Release|Any CPU
		{3B646C78-4172-4FB5-BC91-5FFC8080A826}.Release|Any CPU.Build.0 = Release|Any CPU
		{3B646C78-4172-4FB5-BC91-5FFC8080A826}.Release|x64.ActiveCfg = Release|Any CPU
		{3B646C78-4172-4FB5-BC91-5FFC8080A826}.Release|x64.Build.0 = Release|Any CPU
		{3B646C78-4172-4FB5-BC91-5FFC8080A826}.Release|x86.ActiveCfg = Release|Any CPU
		{3B646C78-4172-4FB5-BC91-5FFC8080A826}.Release|x86.Build.0 = Release|Any CPU
		{21333720-AD8D-410B-B0CB-A5D869A3EE99}.Debug|Any CPU.ActiveCfg = Debug|Any CPU
		{21333720-AD8D-410B-B0CB-A5D869A3EE99}.Debug|Any CPU.Build.0 = Debug|Any CPU
		{21333720-AD8D-410B-B0CB-A5D869A3EE99}.Debug|x64.ActiveCfg = Debug|Any CPU
		{21333720-AD8D-410B-B0CB-A5D869A3EE99}.Debug|x64.Build.0 = Debug|Any CPU
		{21333720-AD8D-410B-B0CB-A5D869A3EE99}.Debug|x86.ActiveCfg = Debug|Any CPU
		{21333720-AD8D-410B-B0CB-A5D869A3EE99}.Debug|x86.Build.0 = Debug|Any CPU
		{21333720-AD8D-410B-B0CB-A5D869A3EE99}.Release|Any CPU.ActiveCfg = Release|Any CPU
		{21333720-AD8D-410B-B0CB-A5D869A3EE99}.Release|Any CPU.Build.0 = Release|Any CPU
		{21333720-AD8D-410B-B0CB-A5D869A3EE99}.Release|x64.ActiveCfg = Release|Any CPU
		{21333720-AD8D-410B-B0CB-A5D869A3EE99}.Release|x64.Build.0 = Release|Any CPU
		{21333720-AD8D-410B-B0CB-A5D869A3EE99}.Release|x86.ActiveCfg = Release|Any CPU
		{21333720-AD8D-410B-B0CB-A5D869A3EE99}.Release|x86.Build.0 = Release|Any CPU
		{0F6E0983-2429-444B-BCAE-508C0B5583C2}.Debug|Any CPU.ActiveCfg = Debug|Any CPU
		{0F6E0983-2429-444B-BCAE-508C0B5583C2}.Debug|Any CPU.Build.0 = Debug|Any CPU
		{0F6E0983-2429-444B-BCAE-508C0B5583C2}.Debug|x64.ActiveCfg = Debug|Any CPU
		{0F6E0983-2429-444B-BCAE-508C0B5583C2}.Debug|x64.Build.0 = Debug|Any CPU
		{0F6E0983-2429-444B-BCAE-508C0B5583C2}.Debug|x86.ActiveCfg = Debug|Any CPU
		{0F6E0983-2429-444B-BCAE-508C0B5583C2}.Debug|x86.Build.0 = Debug|Any CPU
		{0F6E0983-2429-444B-BCAE-508C0B5583C2}.Release|Any CPU.ActiveCfg = Release|Any CPU
		{0F6E0983-2429-444B-BCAE-508C0B5583C2}.Release|Any CPU.Build.0 = Release|Any CPU
		{0F6E0983-2429-444B-BCAE-508C0B5583C2}.Release|x64.ActiveCfg = Release|Any CPU
		{0F6E0983-2429-444B-BCAE-508C0B5583C2}.Release|x64.Build.0 = Release|Any CPU
		{0F6E0983-2429-444B-BCAE-508C0B5583C2}.Release|x86.ActiveCfg = Release|Any CPU
		{0F6E0983-2429-444B-BCAE-508C0B5583C2}.Release|x86.Build.0 = Release|Any CPU
		{9D87C1D2-FC0F-4A69-B501-9D303E7BFD2A}.Debug|Any CPU.ActiveCfg = Debug|Any CPU
		{9D87C1D2-FC0F-4A69-B501-9D303E7BFD2A}.Debug|Any CPU.Build.0 = Debug|Any CPU
		{9D87C1D2-FC0F-4A69-B501-9D303E7BFD2A}.Debug|x64.ActiveCfg = Debug|Any CPU
		{9D87C1D2-FC0F-4A69-B501-9D303E7BFD2A}.Debug|x64.Build.0 = Debug|Any CPU
		{9D87C1D2-FC0F-4A69-B501-9D303E7BFD2A}.Debug|x86.ActiveCfg = Debug|Any CPU
		{9D87C1D2-FC0F-4A69-B501-9D303E7BFD2A}.Debug|x86.Build.0 = Debug|Any CPU
		{9D87C1D2-FC0F-4A69-B501-9D303E7BFD2A}.Release|Any CPU.ActiveCfg = Release|Any CPU
		{9D87C1D2-FC0F-4A69-B501-9D303E7BFD2A}.Release|Any CPU.Build.0 = Release|Any CPU
		{9D87C1D2-FC0F-4A69-B501-9D303E7BFD2A}.Release|x64.ActiveCfg = Release|Any CPU
		{9D87C1D2-FC0F-4A69-B501-9D303E7BFD2A}.Release|x64.Build.0 = Release|Any CPU
		{9D87C1D2-FC0F-4A69-B501-9D303E7BFD2A}.Release|x86.ActiveCfg = Release|Any CPU
		{9D87C1D2-FC0F-4A69-B501-9D303E7BFD2A}.Release|x86.Build.0 = Release|Any CPU
		{9D5F0AA8-A21A-4A78-B583-99459337F870}.Debug|Any CPU.ActiveCfg = Debug|Any CPU
		{9D5F0AA8-A21A-4A78-B583-99459337F870}.Debug|Any CPU.Build.0 = Debug|Any CPU
		{9D5F0AA8-A21A-4A78-B583-99459337F870}.Debug|x64.ActiveCfg = Debug|Any CPU
		{9D5F0AA8-A21A-4A78-B583-99459337F870}.Debug|x64.Build.0 = Debug|Any CPU
		{9D5F0AA8-A21A-4A78-B583-99459337F870}.Debug|x86.ActiveCfg = Debug|Any CPU
		{9D5F0AA8-A21A-4A78-B583-99459337F870}.Debug|x86.Build.0 = Debug|Any CPU
		{9D5F0AA8-A21A-4A78-B583-99459337F870}.Release|Any CPU.ActiveCfg = Release|Any CPU
		{9D5F0AA8-A21A-4A78-B583-99459337F870}.Release|Any CPU.Build.0 = Release|Any CPU
		{9D5F0AA8-A21A-4A78-B583-99459337F870}.Release|x64.ActiveCfg = Release|Any CPU
		{9D5F0AA8-A21A-4A78-B583-99459337F870}.Release|x64.Build.0 = Release|Any CPU
		{9D5F0AA8-A21A-4A78-B583-99459337F870}.Release|x86.ActiveCfg = Release|Any CPU
		{9D5F0AA8-A21A-4A78-B583-99459337F870}.Release|x86.Build.0 = Release|Any CPU
		{410803B7-FE31-4E49-A583-E6AFC7798057}.Debug|Any CPU.ActiveCfg = Debug|x64
		{410803B7-FE31-4E49-A583-E6AFC7798057}.Debug|x64.ActiveCfg = Debug|x64
		{410803B7-FE31-4E49-A583-E6AFC7798057}.Debug|x64.Build.0 = Debug|x64
		{410803B7-FE31-4E49-A583-E6AFC7798057}.Debug|x86.ActiveCfg = Debug|Win32
		{410803B7-FE31-4E49-A583-E6AFC7798057}.Debug|x86.Build.0 = Debug|Win32
		{410803B7-FE31-4E49-A583-E6AFC7798057}.Release|Any CPU.ActiveCfg = Release|Win32
		{410803B7-FE31-4E49-A583-E6AFC7798057}.Release|x64.ActiveCfg = Release|x64
		{410803B7-FE31-4E49-A583-E6AFC7798057}.Release|x64.Build.0 = Release|x64
		{410803B7-FE31-4E49-A583-E6AFC7798057}.Release|x86.ActiveCfg = Release|Win32
		{410803B7-FE31-4E49-A583-E6AFC7798057}.Release|x86.Build.0 = Release|Win32
		{9CACCA03-4782-4D7A-AC5C-AABFE48AD0D9}.Debug|Any CPU.ActiveCfg = Debug|x64
		{9CACCA03-4782-4D7A-AC5C-AABFE48AD0D9}.Debug|x64.ActiveCfg = Debug|x64
		{9CACCA03-4782-4D7A-AC5C-AABFE48AD0D9}.Debug|x64.Build.0 = Debug|x64
		{9CACCA03-4782-4D7A-AC5C-AABFE48AD0D9}.Debug|x86.ActiveCfg = Debug|Win32
		{9CACCA03-4782-4D7A-AC5C-AABFE48AD0D9}.Debug|x86.Build.0 = Debug|Win32
		{9CACCA03-4782-4D7A-AC5C-AABFE48AD0D9}.Release|Any CPU.ActiveCfg = Release|Win32
		{9CACCA03-4782-4D7A-AC5C-AABFE48AD0D9}.Release|x64.ActiveCfg = Release|x64
		{9CACCA03-4782-4D7A-AC5C-AABFE48AD0D9}.Release|x64.Build.0 = Release|x64
		{9CACCA03-4782-4D7A-AC5C-AABFE48AD0D9}.Release|x86.ActiveCfg = Release|Win32
		{9CACCA03-4782-4D7A-AC5C-AABFE48AD0D9}.Release|x86.Build.0 = Release|Win32
		{10DDCAF3-CA01-482B-A1A6-17882BCF35A7}.Debug|Any CPU.ActiveCfg = Debug|Any CPU
		{10DDCAF3-CA01-482B-A1A6-17882BCF35A7}.Debug|Any CPU.Build.0 = Debug|Any CPU
		{10DDCAF3-CA01-482B-A1A6-17882BCF35A7}.Debug|x64.ActiveCfg = Debug|Any CPU
		{10DDCAF3-CA01-482B-A1A6-17882BCF35A7}.Debug|x64.Build.0 = Debug|Any CPU
		{10DDCAF3-CA01-482B-A1A6-17882BCF35A7}.Debug|x64.Deploy.0 = Debug|Any CPU
		{10DDCAF3-CA01-482B-A1A6-17882BCF35A7}.Debug|x86.ActiveCfg = Debug|Any CPU
		{10DDCAF3-CA01-482B-A1A6-17882BCF35A7}.Debug|x86.Build.0 = Debug|Any CPU
		{10DDCAF3-CA01-482B-A1A6-17882BCF35A7}.Release|Any CPU.ActiveCfg = Release|Any CPU
		{10DDCAF3-CA01-482B-A1A6-17882BCF35A7}.Release|Any CPU.Build.0 = Release|Any CPU
		{10DDCAF3-CA01-482B-A1A6-17882BCF35A7}.Release|x64.ActiveCfg = Release|Any CPU
		{10DDCAF3-CA01-482B-A1A6-17882BCF35A7}.Release|x64.Build.0 = Release|Any CPU
		{10DDCAF3-CA01-482B-A1A6-17882BCF35A7}.Release|x86.ActiveCfg = Release|Any CPU
		{10DDCAF3-CA01-482B-A1A6-17882BCF35A7}.Release|x86.Build.0 = Release|Any CPU
		{FD8AF47A-9101-4D43-A30C-21C9312ABD22}.Debug|Any CPU.ActiveCfg = Debug|Any CPU
		{FD8AF47A-9101-4D43-A30C-21C9312ABD22}.Debug|Any CPU.Build.0 = Debug|Any CPU
		{FD8AF47A-9101-4D43-A30C-21C9312ABD22}.Debug|x64.ActiveCfg = Debug|Any CPU
		{FD8AF47A-9101-4D43-A30C-21C9312ABD22}.Debug|x64.Build.0 = Debug|Any CPU
		{FD8AF47A-9101-4D43-A30C-21C9312ABD22}.Debug|x86.ActiveCfg = Debug|Any CPU
		{FD8AF47A-9101-4D43-A30C-21C9312ABD22}.Debug|x86.Build.0 = Debug|Any CPU
		{FD8AF47A-9101-4D43-A30C-21C9312ABD22}.Release|Any CPU.ActiveCfg = Release|Any CPU
		{FD8AF47A-9101-4D43-A30C-21C9312ABD22}.Release|Any CPU.Build.0 = Release|Any CPU
		{FD8AF47A-9101-4D43-A30C-21C9312ABD22}.Release|x64.ActiveCfg = Release|Any CPU
		{FD8AF47A-9101-4D43-A30C-21C9312ABD22}.Release|x64.Build.0 = Release|Any CPU
		{FD8AF47A-9101-4D43-A30C-21C9312ABD22}.Release|x86.ActiveCfg = Release|Any CPU
		{FD8AF47A-9101-4D43-A30C-21C9312ABD22}.Release|x86.Build.0 = Release|Any CPU
		{6C85CF9E-2FBE-41C2-942B-6E75F21E8CEF}.Debug|Any CPU.ActiveCfg = Debug|Any CPU
		{6C85CF9E-2FBE-41C2-942B-6E75F21E8CEF}.Debug|Any CPU.Build.0 = Debug|Any CPU
		{6C85CF9E-2FBE-41C2-942B-6E75F21E8CEF}.Debug|x64.ActiveCfg = Debug|Any CPU
		{6C85CF9E-2FBE-41C2-942B-6E75F21E8CEF}.Debug|x64.Build.0 = Debug|Any CPU
		{6C85CF9E-2FBE-41C2-942B-6E75F21E8CEF}.Debug|x86.ActiveCfg = Debug|Any CPU
		{6C85CF9E-2FBE-41C2-942B-6E75F21E8CEF}.Debug|x86.Build.0 = Debug|Any CPU
		{6C85CF9E-2FBE-41C2-942B-6E75F21E8CEF}.Release|Any CPU.ActiveCfg = Release|Any CPU
		{6C85CF9E-2FBE-41C2-942B-6E75F21E8CEF}.Release|Any CPU.Build.0 = Release|Any CPU
		{6C85CF9E-2FBE-41C2-942B-6E75F21E8CEF}.Release|x64.ActiveCfg = Release|Any CPU
		{6C85CF9E-2FBE-41C2-942B-6E75F21E8CEF}.Release|x64.Build.0 = Release|Any CPU
		{6C85CF9E-2FBE-41C2-942B-6E75F21E8CEF}.Release|x86.ActiveCfg = Release|Any CPU
		{6C85CF9E-2FBE-41C2-942B-6E75F21E8CEF}.Release|x86.Build.0 = Release|Any CPU
		{3F0077D6-2979-44D2-A0AF-5507DA819B26}.Debug|Any CPU.ActiveCfg = Debug|Any CPU
		{3F0077D6-2979-44D2-A0AF-5507DA819B26}.Debug|Any CPU.Build.0 = Debug|Any CPU
		{3F0077D6-2979-44D2-A0AF-5507DA819B26}.Debug|x64.ActiveCfg = Debug|Any CPU
		{3F0077D6-2979-44D2-A0AF-5507DA819B26}.Debug|x64.Build.0 = Debug|Any CPU
		{3F0077D6-2979-44D2-A0AF-5507DA819B26}.Debug|x86.ActiveCfg = Debug|Any CPU
		{3F0077D6-2979-44D2-A0AF-5507DA819B26}.Debug|x86.Build.0 = Debug|Any CPU
		{3F0077D6-2979-44D2-A0AF-5507DA819B26}.Release|Any CPU.ActiveCfg = Release|Any CPU
		{3F0077D6-2979-44D2-A0AF-5507DA819B26}.Release|Any CPU.Build.0 = Release|Any CPU
		{3F0077D6-2979-44D2-A0AF-5507DA819B26}.Release|x64.ActiveCfg = Release|Any CPU
		{3F0077D6-2979-44D2-A0AF-5507DA819B26}.Release|x64.Build.0 = Release|Any CPU
		{3F0077D6-2979-44D2-A0AF-5507DA819B26}.Release|x86.ActiveCfg = Release|Any CPU
		{3F0077D6-2979-44D2-A0AF-5507DA819B26}.Release|x86.Build.0 = Release|Any CPU
	EndGlobalSection
	GlobalSection(SolutionProperties) = preSolution
		HideSolutionNode = FALSE
	EndGlobalSection
EndGlobal
