
Microsoft Visual Studio Solution File, Format Version 12.00
# Visual Studio 14
VisualStudioVersion = 14.0.24720.0
MinimumVisualStudioVersion = 10.0.40219.1
Project("{FAE04EC0-301F-11D3-BF4B-00C04F79EFBC}") = "ModelLibrary", "ModelLibrary\ModelLibrary.csproj", "{1C9E1916-A83F-457E-8492-1D20543DEFB9}"
EndProject
Project("{FAE04EC0-301F-11D3-BF4B-00C04F79EFBC}") = "ModelLibraryTest", "ModelLibraryTest\ModelLibraryTest.csproj", "{23A6BA22-74CD-47B2-BE56-F50317CC08AD}"
EndProject
Project("{FAE04EC0-301F-11D3-BF4B-00C04F79EFBC}") = "Tester", "Tester\Tester.csproj", "{72983826-C444-4043-B0E8-E26C8C220E2D}"
	ProjectSection(ProjectDependencies) = postProject
		{1C9E1916-A83F-457E-8492-1D20543DEFB9} = {1C9E1916-A83F-457E-8492-1D20543DEFB9}
	EndProjectSection
EndProject
Project("{FAE04EC0-301F-11D3-BF4B-00C04F79EFBC}") = "Numerical", "Numerical\Numerical.csproj", "{3B646C78-4172-4FB5-BC91-5FFC8080A826}"
EndProject
Project("{FAE04EC0-301F-11D3-BF4B-00C04F79EFBC}") = "Contract", "Contract\Contract.csproj", "{21333720-AD8D-410B-B0CB-A5D869A3EE99}"
EndProject
Project("{FAE04EC0-301F-11D3-BF4B-00C04F79EFBC}") = "Utility", "Utility\Utility.csproj", "{0F6E0983-2429-444B-BCAE-508C0B5583C2}"
EndProject
Global
	GlobalSection(SolutionConfigurationPlatforms) = preSolution
		Debug|Any CPU = Debug|Any CPU
		Release|Any CPU = Release|Any CPU
	EndGlobalSection
	GlobalSection(ProjectConfigurationPlatforms) = postSolution
		{1C9E1916-A83F-457E-8492-1D20543DEFB9}.Debug|Any CPU.ActiveCfg = Debug|Any CPU
		{1C9E1916-A83F-457E-8492-1D20543DEFB9}.Debug|Any CPU.Build.0 = Debug|Any CPU
		{1C9E1916-A83F-457E-8492-1D20543DEFB9}.Release|Any CPU.ActiveCfg = Release|Any CPU
		{1C9E1916-A83F-457E-8492-1D20543DEFB9}.Release|Any CPU.Build.0 = Release|Any CPU
		{23A6BA22-74CD-47B2-BE56-F50317CC08AD}.Debug|Any CPU.ActiveCfg = Debug|Any CPU
		{23A6BA22-74CD-47B2-BE56-F50317CC08AD}.Debug|Any CPU.Build.0 = Debug|Any CPU
		{23A6BA22-74CD-47B2-BE56-F50317CC08AD}.Release|Any CPU.ActiveCfg = Release|Any CPU
		{23A6BA22-74CD-47B2-BE56-F50317CC08AD}.Release|Any CPU.Build.0 = Release|Any CPU
		{72983826-C444-4043-B0E8-E26C8C220E2D}.Debug|Any CPU.ActiveCfg = Debug|Any CPU
		{72983826-C444-4043-B0E8-E26C8C220E2D}.Debug|Any CPU.Build.0 = Debug|Any CPU
		{72983826-C444-4043-B0E8-E26C8C220E2D}.Release|Any CPU.ActiveCfg = Release|Any CPU
		{72983826-C444-4043-B0E8-E26C8C220E2D}.Release|Any CPU.Build.0 = Release|Any CPU
		{3B646C78-4172-4FB5-BC91-5FFC8080A826}.Debug|Any CPU.ActiveCfg = Debug|Any CPU
		{3B646C78-4172-4FB5-BC91-5FFC8080A826}.Debug|Any CPU.Build.0 = Debug|Any CPU
		{3B646C78-4172-4FB5-BC91-5FFC8080A826}.Release|Any CPU.ActiveCfg = Release|Any CPU
		{3B646C78-4172-4FB5-BC91-5FFC8080A826}.Release|Any CPU.Build.0 = Release|Any CPU
		{21333720-AD8D-410B-B0CB-A5D869A3EE99}.Debug|Any CPU.ActiveCfg = Debug|Any CPU
		{21333720-AD8D-410B-B0CB-A5D869A3EE99}.Debug|Any CPU.Build.0 = Debug|Any CPU
		{21333720-AD8D-410B-B0CB-A5D869A3EE99}.Release|Any CPU.ActiveCfg = Release|Any CPU
		{21333720-AD8D-410B-B0CB-A5D869A3EE99}.Release|Any CPU.Build.0 = Release|Any CPU
		{0F6E0983-2429-444B-BCAE-508C0B5583C2}.Debug|Any CPU.ActiveCfg = Debug|Any CPU
		{0F6E0983-2429-444B-BCAE-508C0B5583C2}.Debug|Any CPU.Build.0 = Debug|Any CPU
		{0F6E0983-2429-444B-BCAE-508C0B5583C2}.Release|Any CPU.ActiveCfg = Release|Any CPU
		{0F6E0983-2429-444B-BCAE-508C0B5583C2}.Release|Any CPU.Build.0 = Release|Any CPU
	EndGlobalSection
	GlobalSection(SolutionProperties) = preSolution
		HideSolutionNode = FALSE
	EndGlobalSection
EndGlobal
